
Microsoft Visual Studio Solution File, Format Version 12.00
# Visual Studio Version 17
VisualStudioVersion = 17.0.32112.339
MinimumVisualStudioVersion = 10.0.40219.1
Project("{9A19103F-16F7-4668-BE54-9A1E7A4F7556}") = "MyMvvmCrossApp1.Core", "src\MyMvvmCrossApp1.Core\MyMvvmCrossApp1.Core.csproj", "{AF578633-4C1F-4A5E-8B5B-12F7E9746423}"
EndProject
Project("{9A19103F-16F7-4668-BE54-9A1E7A4F7556}") = "MyMvvmCrossApp1.UI", "src\MyMvvmCrossApp1.UI\MyMvvmCrossApp1.UI.csproj", "{99BC9705-E2E9-46DA-B2DD-710F9C08CEAD}"
EndProject
Project("{FAE04EC0-301F-11D3-BF4B-00C04F79EFBC}") = "MyMvvmCrossApp1.Droid", "src\MyMvvmCrossApp1.Droid\MyMvvmCrossApp1.Droid.csproj", "{F4045960-122E-435B-86B8-4EF9E6A61D59}"
EndProject
Project("{FAE04EC0-301F-11D3-BF4B-00C04F79EFBC}") = "MyMvvmCrossApp1.iOS", "src\MyMvvmCrossApp1.iOS\MyMvvmCrossApp1.iOS.csproj", "{B012E29F-3572-43D1-8982-0024C7FC869F}"
EndProject
Project("{9A19103F-16F7-4668-BE54-9A1E7A4F7556}") = "MyMvvmCrossApp1.Core.Test", "test\MyMvvmCrossApp1.Core.Test\MyMvvmCrossApp1.Core.Test.csproj", "{93C44335-76EC-43FA-8CC9-B8E1851AC755}"
EndProject
Project("{FAE04EC0-301F-11D3-BF4B-00C04F79EFBC}") = "MyMvvmCrossApp1.Droid.Test", "test\MyMvvmCrossApp1.Droid.Test\MyMvvmCrossApp1.Droid.Test.csproj", "{8222F888-B5E3-46AF-85B5-428F8730BD6E}"
EndProject
Project("{D954291E-2A0B-460D-934E-DC6B0785DB48}") = "MyMvvmCrossApp1.Droid.Shared", "src\MyMvvmCrossApp1.Droid.Shared\MyMvvmCrossApp1.Droid.Shared.shproj", "{7D4E1A23-C610-4C15-AC5E-21C83523AD70}"
EndProject
Project("{FAE04EC0-301F-11D3-BF4B-00C04F79EFBC}") = "MyMvvmCrossApp1.iOS.Test", "test\MyMvvmCrossApp1.iOS.Test\MyMvvmCrossApp1.iOS.Test.csproj", "{A1C9C378-00AC-4088-9C6B-460C7DB911E1}"
EndProject
Project("{2150E333-8FDC-42A3-9474-1A3956D46DE8}") = "!Solution Items", "!Solution Items", "{CAAD3CB9-84A1-4B52-AB87-FC8B06F9C0B8}"
EndProject
Global
	GlobalSection(SharedMSBuildProjectFiles) = preSolution
		src\MyMvvmCrossApp1.Droid.Shared\MyMvvmCrossApp1.Droid.Shared.projitems*{7d4e1a23-c610-4c15-ac5e-21c83523ad70}*SharedItemsImports = 13
		src\MyMvvmCrossApp1.Droid.Shared\MyMvvmCrossApp1.Droid.Shared.projitems*{8222f888-b5e3-46af-85b5-428f8730bd6e}*SharedItemsImports = 4
		src\MyMvvmCrossApp1.Droid.Shared\MyMvvmCrossApp1.Droid.Shared.projitems*{f4045960-122e-435b-86b8-4ef9e6a61d59}*SharedItemsImports = 4
	EndGlobalSection
	GlobalSection(SolutionConfigurationPlatforms) = preSolution
		Debug|Any CPU = Debug|Any CPU
		Debug|ARM = Debug|ARM
		Debug|iPhone = Debug|iPhone
		Debug|iPhoneSimulator = Debug|iPhoneSimulator
		Debug|x64 = Debug|x64
		Debug|x86 = Debug|x86
		Release|Any CPU = Release|Any CPU
		Release|ARM = Release|ARM
		Release|iPhone = Release|iPhone
		Release|iPhoneSimulator = Release|iPhoneSimulator
		Release|x64 = Release|x64
		Release|x86 = Release|x86
	EndGlobalSection
	GlobalSection(ProjectConfigurationPlatforms) = postSolution
		{AF578633-4C1F-4A5E-8B5B-12F7E9746423}.Debug|Any CPU.ActiveCfg = Debug|Any CPU
		{AF578633-4C1F-4A5E-8B5B-12F7E9746423}.Debug|Any CPU.Build.0 = Debug|Any CPU
		{AF578633-4C1F-4A5E-8B5B-12F7E9746423}.Debug|ARM.ActiveCfg = Debug|Any CPU
		{AF578633-4C1F-4A5E-8B5B-12F7E9746423}.Debug|ARM.Build.0 = Debug|Any CPU
		{AF578633-4C1F-4A5E-8B5B-12F7E9746423}.Debug|iPhone.ActiveCfg = Debug|Any CPU
		{AF578633-4C1F-4A5E-8B5B-12F7E9746423}.Debug|iPhone.Build.0 = Debug|Any CPU
		{AF578633-4C1F-4A5E-8B5B-12F7E9746423}.Debug|iPhoneSimulator.ActiveCfg = Debug|Any CPU
		{AF578633-4C1F-4A5E-8B5B-12F7E9746423}.Debug|iPhoneSimulator.Build.0 = Debug|Any CPU
		{AF578633-4C1F-4A5E-8B5B-12F7E9746423}.Debug|x64.ActiveCfg = Debug|Any CPU
		{AF578633-4C1F-4A5E-8B5B-12F7E9746423}.Debug|x64.Build.0 = Debug|Any CPU
		{AF578633-4C1F-4A5E-8B5B-12F7E9746423}.Debug|x86.ActiveCfg = Debug|Any CPU
		{AF578633-4C1F-4A5E-8B5B-12F7E9746423}.Debug|x86.Build.0 = Debug|Any CPU
		{AF578633-4C1F-4A5E-8B5B-12F7E9746423}.Release|Any CPU.ActiveCfg = Release|Any CPU
		{AF578633-4C1F-4A5E-8B5B-12F7E9746423}.Release|Any CPU.Build.0 = Release|Any CPU
		{AF578633-4C1F-4A5E-8B5B-12F7E9746423}.Release|ARM.ActiveCfg = Release|Any CPU
		{AF578633-4C1F-4A5E-8B5B-12F7E9746423}.Release|ARM.Build.0 = Release|Any CPU
		{AF578633-4C1F-4A5E-8B5B-12F7E9746423}.Release|iPhone.ActiveCfg = Release|Any CPU
		{AF578633-4C1F-4A5E-8B5B-12F7E9746423}.Release|iPhone.Build.0 = Release|Any CPU
		{AF578633-4C1F-4A5E-8B5B-12F7E9746423}.Release|iPhoneSimulator.ActiveCfg = Release|Any CPU
		{AF578633-4C1F-4A5E-8B5B-12F7E9746423}.Release|iPhoneSimulator.Build.0 = Release|Any CPU
		{AF578633-4C1F-4A5E-8B5B-12F7E9746423}.Release|x64.ActiveCfg = Release|Any CPU
		{AF578633-4C1F-4A5E-8B5B-12F7E9746423}.Release|x64.Build.0 = Release|Any CPU
		{AF578633-4C1F-4A5E-8B5B-12F7E9746423}.Release|x86.ActiveCfg = Release|Any CPU
		{AF578633-4C1F-4A5E-8B5B-12F7E9746423}.Release|x86.Build.0 = Release|Any CPU
		{99BC9705-E2E9-46DA-B2DD-710F9C08CEAD}.Debug|Any CPU.ActiveCfg = Debug|Any CPU
		{99BC9705-E2E9-46DA-B2DD-710F9C08CEAD}.Debug|Any CPU.Build.0 = Debug|Any CPU
		{99BC9705-E2E9-46DA-B2DD-710F9C08CEAD}.Debug|ARM.ActiveCfg = Debug|Any CPU
		{99BC9705-E2E9-46DA-B2DD-710F9C08CEAD}.Debug|ARM.Build.0 = Debug|Any CPU
		{99BC9705-E2E9-46DA-B2DD-710F9C08CEAD}.Debug|iPhone.ActiveCfg = Debug|Any CPU
		{99BC9705-E2E9-46DA-B2DD-710F9C08CEAD}.Debug|iPhone.Build.0 = Debug|Any CPU
		{99BC9705-E2E9-46DA-B2DD-710F9C08CEAD}.Debug|iPhoneSimulator.ActiveCfg = Debug|Any CPU
		{99BC9705-E2E9-46DA-B2DD-710F9C08CEAD}.Debug|iPhoneSimulator.Build.0 = Debug|Any CPU
		{99BC9705-E2E9-46DA-B2DD-710F9C08CEAD}.Debug|x64.ActiveCfg = Debug|Any CPU
		{99BC9705-E2E9-46DA-B2DD-710F9C08CEAD}.Debug|x64.Build.0 = Debug|Any CPU
		{99BC9705-E2E9-46DA-B2DD-710F9C08CEAD}.Debug|x86.ActiveCfg = Debug|Any CPU
		{99BC9705-E2E9-46DA-B2DD-710F9C08CEAD}.Debug|x86.Build.0 = Debug|Any CPU
		{99BC9705-E2E9-46DA-B2DD-710F9C08CEAD}.Release|Any CPU.ActiveCfg = Release|Any CPU
		{99BC9705-E2E9-46DA-B2DD-710F9C08CEAD}.Release|Any CPU.Build.0 = Release|Any CPU
		{99BC9705-E2E9-46DA-B2DD-710F9C08CEAD}.Release|ARM.ActiveCfg = Release|Any CPU
		{99BC9705-E2E9-46DA-B2DD-710F9C08CEAD}.Release|ARM.Build.0 = Release|Any CPU
		{99BC9705-E2E9-46DA-B2DD-710F9C08CEAD}.Release|iPhone.ActiveCfg = Release|Any CPU
		{99BC9705-E2E9-46DA-B2DD-710F9C08CEAD}.Release|iPhone.Build.0 = Release|Any CPU
		{99BC9705-E2E9-46DA-B2DD-710F9C08CEAD}.Release|iPhoneSimulator.ActiveCfg = Release|Any CPU
		{99BC9705-E2E9-46DA-B2DD-710F9C08CEAD}.Release|iPhoneSimulator.Build.0 = Release|Any CPU
		{99BC9705-E2E9-46DA-B2DD-710F9C08CEAD}.Release|x64.ActiveCfg = Release|Any CPU
		{99BC9705-E2E9-46DA-B2DD-710F9C08CEAD}.Release|x64.Build.0 = Release|Any CPU
		{99BC9705-E2E9-46DA-B2DD-710F9C08CEAD}.Release|x86.ActiveCfg = Release|Any CPU
		{99BC9705-E2E9-46DA-B2DD-710F9C08CEAD}.Release|x86.Build.0 = Release|Any CPU
		{F4045960-122E-435B-86B8-4EF9E6A61D59}.Debug|Any CPU.ActiveCfg = Debug|Any CPU
		{F4045960-122E-435B-86B8-4EF9E6A61D59}.Debug|Any CPU.Build.0 = Debug|Any CPU
		{F4045960-122E-435B-86B8-4EF9E6A61D59}.Debug|Any CPU.Deploy.0 = Debug|Any CPU
		{F4045960-122E-435B-86B8-4EF9E6A61D59}.Debug|ARM.ActiveCfg = Debug|Any CPU
		{F4045960-122E-435B-86B8-4EF9E6A61D59}.Debug|ARM.Build.0 = Debug|Any CPU
		{F4045960-122E-435B-86B8-4EF9E6A61D59}.Debug|ARM.Deploy.0 = Debug|Any CPU
		{F4045960-122E-435B-86B8-4EF9E6A61D59}.Debug|iPhone.ActiveCfg = Debug|Any CPU
		{F4045960-122E-435B-86B8-4EF9E6A61D59}.Debug|iPhone.Build.0 = Debug|Any CPU
		{F4045960-122E-435B-86B8-4EF9E6A61D59}.Debug|iPhone.Deploy.0 = Debug|Any CPU
		{F4045960-122E-435B-86B8-4EF9E6A61D59}.Debug|iPhoneSimulator.ActiveCfg = Debug|Any CPU
		{F4045960-122E-435B-86B8-4EF9E6A61D59}.Debug|iPhoneSimulator.Build.0 = Debug|Any CPU
		{F4045960-122E-435B-86B8-4EF9E6A61D59}.Debug|iPhoneSimulator.Deploy.0 = Debug|Any CPU
		{F4045960-122E-435B-86B8-4EF9E6A61D59}.Debug|x64.ActiveCfg = Debug|Any CPU
		{F4045960-122E-435B-86B8-4EF9E6A61D59}.Debug|x64.Build.0 = Debug|Any CPU
		{F4045960-122E-435B-86B8-4EF9E6A61D59}.Debug|x64.Deploy.0 = Debug|Any CPU
		{F4045960-122E-435B-86B8-4EF9E6A61D59}.Debug|x86.ActiveCfg = Debug|Any CPU
		{F4045960-122E-435B-86B8-4EF9E6A61D59}.Debug|x86.Build.0 = Debug|Any CPU
		{F4045960-122E-435B-86B8-4EF9E6A61D59}.Debug|x86.Deploy.0 = Debug|Any CPU
		{F4045960-122E-435B-86B8-4EF9E6A61D59}.Release|Any CPU.ActiveCfg = Release|Any CPU
		{F4045960-122E-435B-86B8-4EF9E6A61D59}.Release|Any CPU.Build.0 = Release|Any CPU
		{F4045960-122E-435B-86B8-4EF9E6A61D59}.Release|Any CPU.Deploy.0 = Release|Any CPU
		{F4045960-122E-435B-86B8-4EF9E6A61D59}.Release|ARM.ActiveCfg = Release|Any CPU
		{F4045960-122E-435B-86B8-4EF9E6A61D59}.Release|ARM.Build.0 = Release|Any CPU
		{F4045960-122E-435B-86B8-4EF9E6A61D59}.Release|ARM.Deploy.0 = Release|Any CPU
		{F4045960-122E-435B-86B8-4EF9E6A61D59}.Release|iPhone.ActiveCfg = Release|Any CPU
		{F4045960-122E-435B-86B8-4EF9E6A61D59}.Release|iPhone.Build.0 = Release|Any CPU
		{F4045960-122E-435B-86B8-4EF9E6A61D59}.Release|iPhone.Deploy.0 = Release|Any CPU
		{F4045960-122E-435B-86B8-4EF9E6A61D59}.Release|iPhoneSimulator.ActiveCfg = Release|Any CPU
		{F4045960-122E-435B-86B8-4EF9E6A61D59}.Release|iPhoneSimulator.Build.0 = Release|Any CPU
		{F4045960-122E-435B-86B8-4EF9E6A61D59}.Release|iPhoneSimulator.Deploy.0 = Release|Any CPU
		{F4045960-122E-435B-86B8-4EF9E6A61D59}.Release|x64.ActiveCfg = Release|Any CPU
		{F4045960-122E-435B-86B8-4EF9E6A61D59}.Release|x64.Build.0 = Release|Any CPU
		{F4045960-122E-435B-86B8-4EF9E6A61D59}.Release|x64.Deploy.0 = Release|Any CPU
		{F4045960-122E-435B-86B8-4EF9E6A61D59}.Release|x86.ActiveCfg = Release|Any CPU
		{F4045960-122E-435B-86B8-4EF9E6A61D59}.Release|x86.Build.0 = Release|Any CPU
		{F4045960-122E-435B-86B8-4EF9E6A61D59}.Release|x86.Deploy.0 = Release|Any CPU
		{B012E29F-3572-43D1-8982-0024C7FC869F}.Debug|Any CPU.ActiveCfg = Debug|iPhone
		{B012E29F-3572-43D1-8982-0024C7FC869F}.Debug|Any CPU.Build.0 = Debug|iPhone
		{B012E29F-3572-43D1-8982-0024C7FC869F}.Debug|ARM.ActiveCfg = Debug|iPhone
		{B012E29F-3572-43D1-8982-0024C7FC869F}.Debug|iPhone.ActiveCfg = Debug|iPhone
		{B012E29F-3572-43D1-8982-0024C7FC869F}.Debug|iPhone.Build.0 = Debug|iPhone
		{B012E29F-3572-43D1-8982-0024C7FC869F}.Debug|iPhone.Deploy.0 = Debug|iPhone
		{B012E29F-3572-43D1-8982-0024C7FC869F}.Debug|iPhoneSimulator.ActiveCfg = Debug|iPhoneSimulator
		{B012E29F-3572-43D1-8982-0024C7FC869F}.Debug|iPhoneSimulator.Build.0 = Debug|iPhoneSimulator
		{B012E29F-3572-43D1-8982-0024C7FC869F}.Debug|iPhoneSimulator.Deploy.0 = Debug|iPhoneSimulator
		{B012E29F-3572-43D1-8982-0024C7FC869F}.Debug|x64.ActiveCfg = Debug|iPhone
		{B012E29F-3572-43D1-8982-0024C7FC869F}.Debug|x86.ActiveCfg = Debug|iPhone
		{B012E29F-3572-43D1-8982-0024C7FC869F}.Release|Any CPU.ActiveCfg = Release|iPhone
		{B012E29F-3572-43D1-8982-0024C7FC869F}.Release|ARM.ActiveCfg = Release|iPhone
		{B012E29F-3572-43D1-8982-0024C7FC869F}.Release|iPhone.ActiveCfg = Release|iPhone
		{B012E29F-3572-43D1-8982-0024C7FC869F}.Release|iPhone.Build.0 = Release|iPhone
		{B012E29F-3572-43D1-8982-0024C7FC869F}.Release|iPhone.Deploy.0 = Release|iPhone
		{B012E29F-3572-43D1-8982-0024C7FC869F}.Release|iPhoneSimulator.ActiveCfg = Release|iPhoneSimulator
		{B012E29F-3572-43D1-8982-0024C7FC869F}.Release|iPhoneSimulator.Build.0 = Release|iPhoneSimulator
		{B012E29F-3572-43D1-8982-0024C7FC869F}.Release|iPhoneSimulator.Deploy.0 = Release|iPhoneSimulator
		{B012E29F-3572-43D1-8982-0024C7FC869F}.Release|x64.ActiveCfg = Release|iPhone
		{B012E29F-3572-43D1-8982-0024C7FC869F}.Release|x86.ActiveCfg = Release|iPhone
		{93C44335-76EC-43FA-8CC9-B8E1851AC755}.Debug|Any CPU.ActiveCfg = Debug|Any CPU
		{93C44335-76EC-43FA-8CC9-B8E1851AC755}.Debug|Any CPU.Build.0 = Debug|Any CPU
		{93C44335-76EC-43FA-8CC9-B8E1851AC755}.Debug|ARM.ActiveCfg = Debug|Any CPU
		{93C44335-76EC-43FA-8CC9-B8E1851AC755}.Debug|ARM.Build.0 = Debug|Any CPU
		{93C44335-76EC-43FA-8CC9-B8E1851AC755}.Debug|iPhone.ActiveCfg = Debug|Any CPU
		{93C44335-76EC-43FA-8CC9-B8E1851AC755}.Debug|iPhone.Build.0 = Debug|Any CPU
		{93C44335-76EC-43FA-8CC9-B8E1851AC755}.Debug|iPhoneSimulator.ActiveCfg = Debug|Any CPU
		{93C44335-76EC-43FA-8CC9-B8E1851AC755}.Debug|iPhoneSimulator.Build.0 = Debug|Any CPU
		{93C44335-76EC-43FA-8CC9-B8E1851AC755}.Debug|x64.ActiveCfg = Debug|Any CPU
		{93C44335-76EC-43FA-8CC9-B8E1851AC755}.Debug|x64.Build.0 = Debug|Any CPU
		{93C44335-76EC-43FA-8CC9-B8E1851AC755}.Debug|x86.ActiveCfg = Debug|Any CPU
		{93C44335-76EC-43FA-8CC9-B8E1851AC755}.Debug|x86.Build.0 = Debug|Any CPU
		{93C44335-76EC-43FA-8CC9-B8E1851AC755}.Release|Any CPU.ActiveCfg = Release|Any CPU
		{93C44335-76EC-43FA-8CC9-B8E1851AC755}.Release|Any CPU.Build.0 = Release|Any CPU
		{93C44335-76EC-43FA-8CC9-B8E1851AC755}.Release|ARM.ActiveCfg = Release|Any CPU
		{93C44335-76EC-43FA-8CC9-B8E1851AC755}.Release|ARM.Build.0 = Release|Any CPU
		{93C44335-76EC-43FA-8CC9-B8E1851AC755}.Release|iPhone.ActiveCfg = Release|Any CPU
		{93C44335-76EC-43FA-8CC9-B8E1851AC755}.Release|iPhone.Build.0 = Release|Any CPU
		{93C44335-76EC-43FA-8CC9-B8E1851AC755}.Release|iPhoneSimulator.ActiveCfg = Release|Any CPU
		{93C44335-76EC-43FA-8CC9-B8E1851AC755}.Release|iPhoneSimulator.Build.0 = Release|Any CPU
		{93C44335-76EC-43FA-8CC9-B8E1851AC755}.Release|x64.ActiveCfg = Release|Any CPU
		{93C44335-76EC-43FA-8CC9-B8E1851AC755}.Release|x64.Build.0 = Release|Any CPU
		{93C44335-76EC-43FA-8CC9-B8E1851AC755}.Release|x86.ActiveCfg = Release|Any CPU
		{93C44335-76EC-43FA-8CC9-B8E1851AC755}.Release|x86.Build.0 = Release|Any CPU
		{8222F888-B5E3-46AF-85B5-428F8730BD6E}.Debug|Any CPU.ActiveCfg = Debug|Any CPU
		{8222F888-B5E3-46AF-85B5-428F8730BD6E}.Debug|Any CPU.Build.0 = Debug|Any CPU
		{8222F888-B5E3-46AF-85B5-428F8730BD6E}.Debug|Any CPU.Deploy.0 = Debug|Any CPU
		{8222F888-B5E3-46AF-85B5-428F8730BD6E}.Debug|ARM.ActiveCfg = Debug|Any CPU
		{8222F888-B5E3-46AF-85B5-428F8730BD6E}.Debug|ARM.Build.0 = Debug|Any CPU
		{8222F888-B5E3-46AF-85B5-428F8730BD6E}.Debug|ARM.Deploy.0 = Debug|Any CPU
		{8222F888-B5E3-46AF-85B5-428F8730BD6E}.Debug|iPhone.ActiveCfg = Debug|Any CPU
		{8222F888-B5E3-46AF-85B5-428F8730BD6E}.Debug|iPhone.Build.0 = Debug|Any CPU
		{8222F888-B5E3-46AF-85B5-428F8730BD6E}.Debug|iPhone.Deploy.0 = Debug|Any CPU
		{8222F888-B5E3-46AF-85B5-428F8730BD6E}.Debug|iPhoneSimulator.ActiveCfg = Debug|Any CPU
		{8222F888-B5E3-46AF-85B5-428F8730BD6E}.Debug|iPhoneSimulator.Build.0 = Debug|Any CPU
		{8222F888-B5E3-46AF-85B5-428F8730BD6E}.Debug|iPhoneSimulator.Deploy.0 = Debug|Any CPU
		{8222F888-B5E3-46AF-85B5-428F8730BD6E}.Debug|x64.ActiveCfg = Debug|Any CPU
		{8222F888-B5E3-46AF-85B5-428F8730BD6E}.Debug|x64.Build.0 = Debug|Any CPU
		{8222F888-B5E3-46AF-85B5-428F8730BD6E}.Debug|x64.Deploy.0 = Debug|Any CPU
		{8222F888-B5E3-46AF-85B5-428F8730BD6E}.Debug|x86.ActiveCfg = Debug|Any CPU
		{8222F888-B5E3-46AF-85B5-428F8730BD6E}.Debug|x86.Build.0 = Debug|Any CPU
		{8222F888-B5E3-46AF-85B5-428F8730BD6E}.Debug|x86.Deploy.0 = Debug|Any CPU
		{8222F888-B5E3-46AF-85B5-428F8730BD6E}.Release|Any CPU.ActiveCfg = Release|Any CPU
		{8222F888-B5E3-46AF-85B5-428F8730BD6E}.Release|Any CPU.Build.0 = Release|Any CPU
		{8222F888-B5E3-46AF-85B5-428F8730BD6E}.Release|Any CPU.Deploy.0 = Release|Any CPU
		{8222F888-B5E3-46AF-85B5-428F8730BD6E}.Release|ARM.ActiveCfg = Release|Any CPU
		{8222F888-B5E3-46AF-85B5-428F8730BD6E}.Release|ARM.Build.0 = Release|Any CPU
		{8222F888-B5E3-46AF-85B5-428F8730BD6E}.Release|ARM.Deploy.0 = Release|Any CPU
		{8222F888-B5E3-46AF-85B5-428F8730BD6E}.Release|iPhone.ActiveCfg = Release|Any CPU
		{8222F888-B5E3-46AF-85B5-428F8730BD6E}.Release|iPhone.Build.0 = Release|Any CPU
		{8222F888-B5E3-46AF-85B5-428F8730BD6E}.Release|iPhone.Deploy.0 = Release|Any CPU
		{8222F888-B5E3-46AF-85B5-428F8730BD6E}.Release|iPhoneSimulator.ActiveCfg = Release|Any CPU
		{8222F888-B5E3-46AF-85B5-428F8730BD6E}.Release|iPhoneSimulator.Build.0 = Release|Any CPU
		{8222F888-B5E3-46AF-85B5-428F8730BD6E}.Release|iPhoneSimulator.Deploy.0 = Release|Any CPU
		{8222F888-B5E3-46AF-85B5-428F8730BD6E}.Release|x64.ActiveCfg = Release|Any CPU
		{8222F888-B5E3-46AF-85B5-428F8730BD6E}.Release|x64.Build.0 = Release|Any CPU
		{8222F888-B5E3-46AF-85B5-428F8730BD6E}.Release|x64.Deploy.0 = Release|Any CPU
		{8222F888-B5E3-46AF-85B5-428F8730BD6E}.Release|x86.ActiveCfg = Release|Any CPU
		{8222F888-B5E3-46AF-85B5-428F8730BD6E}.Release|x86.Build.0 = Release|Any CPU
		{8222F888-B5E3-46AF-85B5-428F8730BD6E}.Release|x86.Deploy.0 = Release|Any CPU
		{A1C9C378-00AC-4088-9C6B-460C7DB911E1}.Debug|Any CPU.ActiveCfg = Debug|iPhone
		{A1C9C378-00AC-4088-9C6B-460C7DB911E1}.Debug|Any CPU.Build.0 = Debug|iPhone
		{A1C9C378-00AC-4088-9C6B-460C7DB911E1}.Debug|ARM.ActiveCfg = Debug|iPhone
		{A1C9C378-00AC-4088-9C6B-460C7DB911E1}.Debug|iPhone.ActiveCfg = Debug|iPhone
		{A1C9C378-00AC-4088-9C6B-460C7DB911E1}.Debug|iPhone.Build.0 = Debug|iPhone
		{A1C9C378-00AC-4088-9C6B-460C7DB911E1}.Debug|iPhoneSimulator.ActiveCfg = Debug|iPhoneSimulator
		{A1C9C378-00AC-4088-9C6B-460C7DB911E1}.Debug|iPhoneSimulator.Build.0 = Debug|iPhoneSimulator
		{A1C9C378-00AC-4088-9C6B-460C7DB911E1}.Debug|x64.ActiveCfg = Debug|iPhone
		{A1C9C378-00AC-4088-9C6B-460C7DB911E1}.Debug|x86.ActiveCfg = Debug|iPhone
		{A1C9C378-00AC-4088-9C6B-460C7DB911E1}.Release|Any CPU.ActiveCfg = Release|iPhone
		{A1C9C378-00AC-4088-9C6B-460C7DB911E1}.Release|ARM.ActiveCfg = Release|iPhone
		{A1C9C378-00AC-4088-9C6B-460C7DB911E1}.Release|iPhone.ActiveCfg = Release|iPhone
		{A1C9C378-00AC-4088-9C6B-460C7DB911E1}.Release|iPhone.Build.0 = Release|iPhone
		{A1C9C378-00AC-4088-9C6B-460C7DB911E1}.Release|iPhoneSimulator.ActiveCfg = Release|iPhoneSimulator
		{A1C9C378-00AC-4088-9C6B-460C7DB911E1}.Release|iPhoneSimulator.Build.0 = Release|iPhoneSimulator
		{A1C9C378-00AC-4088-9C6B-460C7DB911E1}.Release|x64.ActiveCfg = Release|iPhone
		{A1C9C378-00AC-4088-9C6B-460C7DB911E1}.Release|x86.ActiveCfg = Release|iPhone
	EndGlobalSection
	GlobalSection(SolutionProperties) = preSolution
		HideSolutionNode = FALSE
	EndGlobalSection
	GlobalSection(ExtensibilityGlobals) = postSolution
		SolutionGuid = {23125156-38F6-4C16-B856-6BD5B79B0461}
	EndGlobalSection
	GlobalSection(SharedMSBuildProjectFiles) = preSolution
		src\MyMvvmCrossApp1.Droid.Shared\MyMvvmCrossApp1.Droid.Shared.projitems*{F4045960-122E-435B-86B8-4EF9E6A61D59}*SharedItemsImports = 4
		src\MyMvvmCrossApp1.Droid.Shared\MyMvvmCrossApp1.Droid.Shared.projitems*{8222F888-B5E3-46AF-85B5-428F8730BD6E}*SharedItemsImports = 4
		src\MyMvvmCrossApp1.Droid.Shared\MyMvvmCrossApp1.Droid.Shared.projitems*{7D4E1A23-C610-4C15-AC5E-21C83523AD70}*SharedItemsImports = 13
	EndGlobalSection
EndGlobal
